
Microsoft Visual Studio Solution File, Format Version 12.00
# Visual Studio Version 17
VisualStudioVersion = 17.5.33530.505
MinimumVisualStudioVersion = 10.0.40219.1
Project("{FAE04EC0-301F-11D3-BF4B-00C04F79EFBC}") = "SmartSchool.API", "SmartSchool.API\SmartSchool.API.csproj", "{B5F60108-7B2A-4677-A9D8-C378E3D53DED}"
EndProject
Global
	GlobalSection(SolutionConfigurationPlatforms) = preSolution
		Debug|Any CPU = Debug|Any CPU
		Release|Any CPU = Release|Any CPU
	EndGlobalSection
	GlobalSection(ProjectConfigurationPlatforms) = postSolution
		{B5F60108-7B2A-4677-A9D8-C378E3D53DED}.Debug|Any CPU.ActiveCfg = Debug|Any CPU
		{B5F60108-7B2A-4677-A9D8-C378E3D53DED}.Debug|Any CPU.Build.0 = Debug|Any CPU
		{B5F60108-7B2A-4677-A9D8-C378E3D53DED}.Release|Any CPU.ActiveCfg = Release|Any CPU
		{B5F60108-7B2A-4677-A9D8-C378E3D53DED}.Release|Any CPU.Build.0 = Release|Any CPU
	EndGlobalSection
	GlobalSection(SolutionProperties) = preSolution
		HideSolutionNode = FALSE
	EndGlobalSection
	GlobalSection(ExtensibilityGlobals) = postSolution
		SolutionGuid = {A19A81D2-24C3-4B8E-B7BB-42FE6B8CAC9C}
	EndGlobalSection
EndGlobal
